// !$*UTF8*$!
{
	archiveVersion = 1;
	classes = {
	};
	objectVersion = 55;
	objects = {

/* Begin PBXBuildFile section */
		2F5D941327A2A82600554E5D /* SelectedImageView.swift in Sources */ = {isa = PBXBuildFile; fileRef = 2F5D941227A2A82600554E5D /* SelectedImageView.swift */; };
		2F630A3027A3F03000ADE05A /* OrderModel.swift in Sources */ = {isa = PBXBuildFile; fileRef = 2F630A2D27A3F03000ADE05A /* OrderModel.swift */; };
		2F630A3127A3F03000ADE05A /* HistoryModel.swift in Sources */ = {isa = PBXBuildFile; fileRef = 2F630A2E27A3F03000ADE05A /* HistoryModel.swift */; };
		2F630A3227A3F03000ADE05A /* MenuModel.swift in Sources */ = {isa = PBXBuildFile; fileRef = 2F630A2F27A3F03000ADE05A /* MenuModel.swift */; };
		2F630A3427A3F81100ADE05A /* MenuDetailView.swift in Sources */ = {isa = PBXBuildFile; fileRef = 2F630A3327A3F81100ADE05A /* MenuDetailView.swift */; };
		2F7604C0279FE6A100A70419 /* OrderListView.swift in Sources */ = {isa = PBXBuildFile; fileRef = 2F7604BF279FE6A100A70419 /* OrderListView.swift */; };
		2F7604C2279FE6B900A70419 /* MenuListView.swift in Sources */ = {isa = PBXBuildFile; fileRef = 2F7604C1279FE6B900A70419 /* MenuListView.swift */; };
		2F7604C4279FE78800A70419 /* ContentHeaderView.swift in Sources */ = {isa = PBXBuildFile; fileRef = 2F7604C3279FE78800A70419 /* ContentHeaderView.swift */; };
		2F7604C7279FE97A00A70419 /* OrderRowView.swift in Sources */ = {isa = PBXBuildFile; fileRef = 2F7604C6279FE97A00A70419 /* OrderRowView.swift */; };
		2F7604CA279FEA7100A70419 /* MenuRowView.swift in Sources */ = {isa = PBXBuildFile; fileRef = 2F7604C9279FEA7100A70419 /* MenuRowView.swift */; };
		2F7604CC279FEAAF00A70419 /* RatingsView.swift in Sources */ = {isa = PBXBuildFile; fileRef = 2F7604CB279FEAAF00A70419 /* RatingsView.swift */; };
		2F7604CE279FED2000A70419 /* PageTitleView.swift in Sources */ = {isa = PBXBuildFile; fileRef = 2F7604CD279FED2000A70419 /* PageTitleView.swift */; };
		2F7604D1279FEF2500A70419 /* HistoryView.swift in Sources */ = {isa = PBXBuildFile; fileRef = 2F7604D0279FEF2500A70419 /* HistoryView.swift */; };
		2F7604D3279FEF3A00A70419 /* HistoryListView.swift in Sources */ = {isa = PBXBuildFile; fileRef = 2F7604D2279FEF3A00A70419 /* HistoryListView.swift */; };
		2F7604D5279FF16600A70419 /* HistoryRowView.swift in Sources */ = {isa = PBXBuildFile; fileRef = 2F7604D4279FF16600A70419 /* HistoryRowView.swift */; };
		2F7604D7279FF5EC00A70419 /* ListHeaderView.swift in Sources */ = {isa = PBXBuildFile; fileRef = 2F7604D6279FF5EC00A70419 /* ListHeaderView.swift */; };
		2FEC8818279E8EC900E1C918 /* SwiftUIProjectApp.swift in Sources */ = {isa = PBXBuildFile; fileRef = 2FEC8817279E8EC900E1C918 /* SwiftUIProjectApp.swift */; };
		2FEC881A279E8EC900E1C918 /* ContentView.swift in Sources */ = {isa = PBXBuildFile; fileRef = 2FEC8819279E8EC900E1C918 /* ContentView.swift */; };
		2FEC881C279E8ECC00E1C918 /* Assets.xcassets in Resources */ = {isa = PBXBuildFile; fileRef = 2FEC881B279E8ECC00E1C918 /* Assets.xcassets */; };
		2FEC881F279E8ECC00E1C918 /* Preview Assets.xcassets in Resources */ = {isa = PBXBuildFile; fileRef = 2FEC881E279E8ECC00E1C918 /* Preview Assets.xcassets */; };
/* End PBXBuildFile section */

/* Begin PBXFileReference section */
		2F5D941227A2A82600554E5D /* SelectedImageView.swift */ = {isa = PBXFileReference; lastKnownFileType = sourcecode.swift; path = SelectedImageView.swift; sourceTree = "<group>"; };
		2F630A2D27A3F03000ADE05A /* OrderModel.swift */ = {isa = PBXFileReference; fileEncoding = 4; lastKnownFileType = sourcecode.swift; path = OrderModel.swift; sourceTree = "<group>"; };
		2F630A2E27A3F03000ADE05A /* HistoryModel.swift */ = {isa = PBXFileReference; fileEncoding = 4; lastKnownFileType = sourcecode.swift; path = HistoryModel.swift; sourceTree = "<group>"; };
		2F630A2F27A3F03000ADE05A /* MenuModel.swift */ = {isa = PBXFileReference; fileEncoding = 4; lastKnownFileType = sourcecode.swift; path = MenuModel.swift; sourceTree = "<group>"; };
		2F630A3327A3F81100ADE05A /* MenuDetailView.swift */ = {isa = PBXFileReference; fileEncoding = 4; lastKnownFileType = sourcecode.swift; path = MenuDetailView.swift; sourceTree = "<group>"; };
		2F7604BF279FE6A100A70419 /* OrderListView.swift */ = {isa = PBXFileReference; lastKnownFileType = sourcecode.swift; path = OrderListView.swift; sourceTree = "<group>"; };
		2F7604C1279FE6B900A70419 /* MenuListView.swift */ = {isa = PBXFileReference; lastKnownFileType = sourcecode.swift; path = MenuListView.swift; sourceTree = "<group>"; };
		2F7604C3279FE78800A70419 /* ContentHeaderView.swift */ = {isa = PBXFileReference; lastKnownFileType = sourcecode.swift; path = ContentHeaderView.swift; sourceTree = "<group>"; };
		2F7604C6279FE97A00A70419 /* OrderRowView.swift */ = {isa = PBXFileReference; lastKnownFileType = sourcecode.swift; path = OrderRowView.swift; sourceTree = "<group>"; };
		2F7604C9279FEA7100A70419 /* MenuRowView.swift */ = {isa = PBXFileReference; lastKnownFileType = sourcecode.swift; path = MenuRowView.swift; sourceTree = "<group>"; };
		2F7604CB279FEAAF00A70419 /* RatingsView.swift */ = {isa = PBXFileReference; lastKnownFileType = sourcecode.swift; path = RatingsView.swift; sourceTree = "<group>"; };
		2F7604CD279FED2000A70419 /* PageTitleView.swift */ = {isa = PBXFileReference; lastKnownFileType = sourcecode.swift; path = PageTitleView.swift; sourceTree = "<group>"; };
		2F7604D0279FEF2500A70419 /* HistoryView.swift */ = {isa = PBXFileReference; lastKnownFileType = sourcecode.swift; path = HistoryView.swift; sourceTree = "<group>"; };
		2F7604D2279FEF3A00A70419 /* HistoryListView.swift */ = {isa = PBXFileReference; lastKnownFileType = sourcecode.swift; path = HistoryListView.swift; sourceTree = "<group>"; };
		2F7604D4279FF16600A70419 /* HistoryRowView.swift */ = {isa = PBXFileReference; lastKnownFileType = sourcecode.swift; path = HistoryRowView.swift; sourceTree = "<group>"; };
		2F7604D6279FF5EC00A70419 /* ListHeaderView.swift */ = {isa = PBXFileReference; lastKnownFileType = sourcecode.swift; path = ListHeaderView.swift; sourceTree = "<group>"; };
		2FEC8814279E8EC900E1C918 /* SwiftUIProject.app */ = {isa = PBXFileReference; explicitFileType = wrapper.application; includeInIndex = 0; path = SwiftUIProject.app; sourceTree = BUILT_PRODUCTS_DIR; };
		2FEC8817279E8EC900E1C918 /* SwiftUIProjectApp.swift */ = {isa = PBXFileReference; lastKnownFileType = sourcecode.swift; path = SwiftUIProjectApp.swift; sourceTree = "<group>"; };
		2FEC8819279E8EC900E1C918 /* ContentView.swift */ = {isa = PBXFileReference; lastKnownFileType = sourcecode.swift; path = ContentView.swift; sourceTree = "<group>"; };
		2FEC881B279E8ECC00E1C918 /* Assets.xcassets */ = {isa = PBXFileReference; lastKnownFileType = folder.assetcatalog; path = Assets.xcassets; sourceTree = "<group>"; };
		2FEC881E279E8ECC00E1C918 /* Preview Assets.xcassets */ = {isa = PBXFileReference; lastKnownFileType = folder.assetcatalog; path = "Preview Assets.xcassets"; sourceTree = "<group>"; };
/* End PBXFileReference section */

/* Begin PBXFrameworksBuildPhase section */
		2FEC8811279E8EC900E1C918 /* Frameworks */ = {
			isa = PBXFrameworksBuildPhase;
			buildActionMask = 2147483647;
			files = (
			);
			runOnlyForDeploymentPostprocessing = 0;
		};
/* End PBXFrameworksBuildPhase section */

/* Begin PBXGroup section */
		2F630A2C27A3EFE600ADE05A /* Models */ = {
			isa = PBXGroup;
			children = (
				2F630A2E27A3F03000ADE05A /* HistoryModel.swift */,
				2F630A2F27A3F03000ADE05A /* MenuModel.swift */,
				2F630A2D27A3F03000ADE05A /* OrderModel.swift */,
			);
			path = Models;
			sourceTree = "<group>";
		};
		2F7604BE279FE67200A70419 /* Views */ = {
			isa = PBXGroup;
			children = (
				2F7604CF279FEEEF00A70419 /* History */,
				2F7604C8279FEA1500A70419 /* Menu */,
				2F7604C5279FE91F00A70419 /* Order */,
				2F7604C3279FE78800A70419 /* ContentHeaderView.swift */,
				2F7604CD279FED2000A70419 /* PageTitleView.swift */,
				2FEC8819279E8EC900E1C918 /* ContentView.swift */,
			);
			path = Views;
			sourceTree = "<group>";
		};
		2F7604C5279FE91F00A70419 /* Order */ = {
			isa = PBXGroup;
			children = (
				2F7604BF279FE6A100A70419 /* OrderListView.swift */,
				2F7604C6279FE97A00A70419 /* OrderRowView.swift */,
			);
			path = Order;
			sourceTree = "<group>";
		};
		2F7604C8279FEA1500A70419 /* Menu */ = {
			isa = PBXGroup;
			children = (
				2F7604C1279FE6B900A70419 /* MenuListView.swift */,
				2F630A3327A3F81100ADE05A /* MenuDetailView.swift */,
				2F7604D6279FF5EC00A70419 /* ListHeaderView.swift */,
				2F7604C9279FEA7100A70419 /* MenuRowView.swift */,
				2F7604CB279FEAAF00A70419 /* RatingsView.swift */,
			);
			path = Menu;
			sourceTree = "<group>";
		};
		2F7604CF279FEEEF00A70419 /* History */ = {
			isa = PBXGroup;
			children = (
				2F7604D0279FEF2500A70419 /* HistoryView.swift */,
				2F7604D2279FEF3A00A70419 /* HistoryListView.swift */,
				2F7604D4279FF16600A70419 /* HistoryRowView.swift */,
				2F5D941227A2A82600554E5D /* SelectedImageView.swift */,
			);
			path = History;
			sourceTree = "<group>";
		};
		2FEC880B279E8EC900E1C918 = {
			isa = PBXGroup;
			children = (
				2FEC8816279E8EC900E1C918 /* SwiftUIProject */,
				2FEC8815279E8EC900E1C918 /* Products */,
			);
			sourceTree = "<group>";
		};
		2FEC8815279E8EC900E1C918 /* Products */ = {
			isa = PBXGroup;
			children = (
				2FEC8814279E8EC900E1C918 /* SwiftUIProject.app */,
			);
			name = Products;
			sourceTree = "<group>";
		};
		2FEC8816279E8EC900E1C918 /* SwiftUIProject */ = {
			isa = PBXGroup;
			children = (
				2F630A2C27A3EFE600ADE05A /* Models */,
				2F7604BE279FE67200A70419 /* Views */,
				2FEC8817279E8EC900E1C918 /* SwiftUIProjectApp.swift */,
				2FEC881B279E8ECC00E1C918 /* Assets.xcassets */,
				2FEC881D279E8ECC00E1C918 /* Preview Content */,
			);
			path = SwiftUIProject;
			sourceTree = "<group>";
		};
		2FEC881D279E8ECC00E1C918 /* Preview Content */ = {
			isa = PBXGroup;
			children = (
				2FEC881E279E8ECC00E1C918 /* Preview Assets.xcassets */,
			);
			path = "Preview Content";
			sourceTree = "<group>";
		};
/* End PBXGroup section */

/* Begin PBXNativeTarget section */
		2FEC8813279E8EC900E1C918 /* SwiftUIProject */ = {
			isa = PBXNativeTarget;
			buildConfigurationList = 2FEC8822279E8ECC00E1C918 /* Build configuration list for PBXNativeTarget "SwiftUIProject" */;
			buildPhases = (
				2FEC8810279E8EC900E1C918 /* Sources */,
				2FEC8811279E8EC900E1C918 /* Frameworks */,
				2FEC8812279E8EC900E1C918 /* Resources */,
			);
			buildRules = (
			);
			dependencies = (
			);
			name = SwiftUIProject;
			productName = SwiftUIProject;
			productReference = 2FEC8814279E8EC900E1C918 /* SwiftUIProject.app */;
			productType = "com.apple.product-type.application";
		};
/* End PBXNativeTarget section */

/* Begin PBXProject section */
		2FEC880C279E8EC900E1C918 /* Project object */ = {
			isa = PBXProject;
			attributes = {
				BuildIndependentTargetsInParallel = 1;
				LastSwiftUpdateCheck = 1310;
				LastUpgradeCheck = 1310;
				TargetAttributes = {
					2FEC8813279E8EC900E1C918 = {
						CreatedOnToolsVersion = 13.1;
					};
				};
			};
			buildConfigurationList = 2FEC880F279E8EC900E1C918 /* Build configuration list for PBXProject "SwiftUIProject" */;
			compatibilityVersion = "Xcode 13.0";
			developmentRegion = en;
			hasScannedForEncodings = 0;
			knownRegions = (
				en,
				Base,
			);
			mainGroup = 2FEC880B279E8EC900E1C918;
			productRefGroup = 2FEC8815279E8EC900E1C918 /* Products */;
			projectDirPath = "";
			projectRoot = "";
			targets = (
				2FEC8813279E8EC900E1C918 /* SwiftUIProject */,
			);
		};
/* End PBXProject section */

/* Begin PBXResourcesBuildPhase section */
		2FEC8812279E8EC900E1C918 /* Resources */ = {
			isa = PBXResourcesBuildPhase;
			buildActionMask = 2147483647;
			files = (
				2FEC881F279E8ECC00E1C918 /* Preview Assets.xcassets in Resources */,
				2FEC881C279E8ECC00E1C918 /* Assets.xcassets in Resources */,
			);
			runOnlyForDeploymentPostprocessing = 0;
		};
/* End PBXResourcesBuildPhase section */

/* Begin PBXSourcesBuildPhase section */
		2FEC8810279E8EC900E1C918 /* Sources */ = {
			isa = PBXSourcesBuildPhase;
			buildActionMask = 2147483647;
			files = (
				2F630A3127A3F03000ADE05A /* HistoryModel.swift in Sources */,
				2F7604D5279FF16600A70419 /* HistoryRowView.swift in Sources */,
				2F7604C7279FE97A00A70419 /* OrderRowView.swift in Sources */,
				2F7604C4279FE78800A70419 /* ContentHeaderView.swift in Sources */,
				2FEC881A279E8EC900E1C918 /* ContentView.swift in Sources */,
				2F630A3227A3F03000ADE05A /* MenuModel.swift in Sources */,
				2F7604C2279FE6B900A70419 /* MenuListView.swift in Sources */,
				2FEC8818279E8EC900E1C918 /* SwiftUIProjectApp.swift in Sources */,
				2F7604CA279FEA7100A70419 /* MenuRowView.swift in Sources */,
				2F630A3027A3F03000ADE05A /* OrderModel.swift in Sources */,
				2F7604CE279FED2000A70419 /* PageTitleView.swift in Sources */,
				2F7604D1279FEF2500A70419 /* HistoryView.swift in Sources */,
				2F630A3427A3F81100ADE05A /* MenuDetailView.swift in Sources */,
				2F5D941327A2A82600554E5D /* SelectedImageView.swift in Sources */,
				2F7604C0279FE6A100A70419 /* OrderListView.swift in Sources */,
				2F7604D7279FF5EC00A70419 /* ListHeaderView.swift in Sources */,
				2F7604CC279FEAAF00A70419 /* RatingsView.swift in Sources */,
				2F7604D3279FEF3A00A70419 /* HistoryListView.swift in Sources */,
			);
			runOnlyForDeploymentPostprocessing = 0;
		};
/* End PBXSourcesBuildPhase section */

/* Begin XCBuildConfiguration section */
		2FEC8820279E8ECC00E1C918 /* Debug */ = {
			isa = XCBuildConfiguration;
			buildSettings = {
				ALWAYS_SEARCH_USER_PATHS = NO;
				CLANG_ANALYZER_NONNULL = YES;
				CLANG_ANALYZER_NUMBER_OBJECT_CONVERSION = YES_AGGRESSIVE;
				CLANG_CXX_LANGUAGE_STANDARD = "gnu++17";
				CLANG_CXX_LIBRARY = "libc++";
				CLANG_ENABLE_MODULES = YES;
				CLANG_ENABLE_OBJC_ARC = YES;
				CLANG_ENABLE_OBJC_WEAK = YES;
				CLANG_WARN_BLOCK_CAPTURE_AUTORELEASING = YES;
				CLANG_WARN_BOOL_CONVERSION = YES;
				CLANG_WARN_COMMA = YES;
				CLANG_WARN_CONSTANT_CONVERSION = YES;
				CLANG_WARN_DEPRECATED_OBJC_IMPLEMENTATIONS = YES;
				CLANG_WARN_DIRECT_OBJC_ISA_USAGE = YES_ERROR;
				CLANG_WARN_DOCUMENTATION_COMMENTS = YES;
				CLANG_WARN_EMPTY_BODY = YES;
				CLANG_WARN_ENUM_CONVERSION = YES;
				CLANG_WARN_INFINITE_RECURSION = YES;
				CLANG_WARN_INT_CONVERSION = YES;
				CLANG_WARN_NON_LITERAL_NULL_CONVERSION = YES;
				CLANG_WARN_OBJC_IMPLICIT_RETAIN_SELF = YES;
				CLANG_WARN_OBJC_LITERAL_CONVERSION = YES;
				CLANG_WARN_OBJC_ROOT_CLASS = YES_ERROR;
				CLANG_WARN_QUOTED_INCLUDE_IN_FRAMEWORK_HEADER = YES;
				CLANG_WARN_RANGE_LOOP_ANALYSIS = YES;
				CLANG_WARN_STRICT_PROTOTYPES = YES;
				CLANG_WARN_SUSPICIOUS_MOVE = YES;
				CLANG_WARN_UNGUARDED_AVAILABILITY = YES_AGGRESSIVE;
				CLANG_WARN_UNREACHABLE_CODE = YES;
				CLANG_WARN__DUPLICATE_METHOD_MATCH = YES;
				COPY_PHASE_STRIP = NO;
				DEBUG_INFORMATION_FORMAT = dwarf;
				ENABLE_STRICT_OBJC_MSGSEND = YES;
				ENABLE_TESTABILITY = YES;
				GCC_C_LANGUAGE_STANDARD = gnu11;
				GCC_DYNAMIC_NO_PIC = NO;
				GCC_NO_COMMON_BLOCKS = YES;
				GCC_OPTIMIZATION_LEVEL = 0;
				GCC_PREPROCESSOR_DEFINITIONS = (
					"DEBUG=1",
					"$(inherited)",
				);
				GCC_WARN_64_TO_32_BIT_CONVERSION = YES;
				GCC_WARN_ABOUT_RETURN_TYPE = YES_ERROR;
				GCC_WARN_UNDECLARED_SELECTOR = YES;
				GCC_WARN_UNINITIALIZED_AUTOS = YES_AGGRESSIVE;
				GCC_WARN_UNUSED_FUNCTION = YES;
				GCC_WARN_UNUSED_VARIABLE = YES;
				IPHONEOS_DEPLOYMENT_TARGET = 15.0;
				MTL_ENABLE_DEBUG_INFO = INCLUDE_SOURCE;
				MTL_FAST_MATH = YES;
				ONLY_ACTIVE_ARCH = YES;
				SDKROOT = iphoneos;
				SWIFT_ACTIVE_COMPILATION_CONDITIONS = DEBUG;
				SWIFT_OPTIMIZATION_LEVEL = "-Onone";
			};
			name = Debug;
		};
		2FEC8821279E8ECC00E1C918 /* Release */ = {
			isa = XCBuildConfiguration;
			buildSettings = {
				ALWAYS_SEARCH_USER_PATHS = NO;
				CLANG_ANALYZER_NONNULL = YES;
				CLANG_ANALYZER_NUMBER_OBJECT_CONVERSION = YES_AGGRESSIVE;
				CLANG_CXX_LANGUAGE_STANDARD = "gnu++17";
				CLANG_CXX_LIBRARY = "libc++";
				CLANG_ENABLE_MODULES = YES;
				CLANG_ENABLE_OBJC_ARC = YES;
				CLANG_ENABLE_OBJC_WEAK = YES;
				CLANG_WARN_BLOCK_CAPTURE_AUTORELEASING = YES;
				CLANG_WARN_BOOL_CONVERSION = YES;
				CLANG_WARN_COMMA = YES;
				CLANG_WARN_CONSTANT_CONVERSION = YES;
				CLANG_WARN_DEPRECATED_OBJC_IMPLEMENTATIONS = YES;
				CLANG_WARN_DIRECT_OBJC_ISA_USAGE = YES_ERROR;
				CLANG_WARN_DOCUMENTATION_COMMENTS = YES;
				CLANG_WARN_EMPTY_BODY = YES;
				CLANG_WARN_ENUM_CONVERSION = YES;
				CLANG_WARN_INFINITE_RECURSION = YES;
				CLANG_WARN_INT_CONVERSION = YES;
				CLANG_WARN_NON_LITERAL_NULL_CONVERSION = YES;
				CLANG_WARN_OBJC_IMPLICIT_RETAIN_SELF = YES;
				CLANG_WARN_OBJC_LITERAL_CONVERSION = YES;
				CLANG_WARN_OBJC_ROOT_CLASS = YES_ERROR;
				CLANG_WARN_QUOTED_INCLUDE_IN_FRAMEWORK_HEADER = YES;
				CLANG_WARN_RANGE_LOOP_ANALYSIS = YES;
				CLANG_WARN_STRICT_PROTOTYPES = YES;
				CLANG_WARN_SUSPICIOUS_MOVE = YES;
				CLANG_WARN_UNGUARDED_AVAILABILITY = YES_AGGRESSIVE;
				CLANG_WARN_UNREACHABLE_CODE = YES;
				CLANG_WARN__DUPLICATE_METHOD_MATCH = YES;
				COPY_PHASE_STRIP = NO;
				DEBUG_INFORMATION_FORMAT = "dwarf-with-dsym";
				ENABLE_NS_ASSERTIONS = NO;
				ENABLE_STRICT_OBJC_MSGSEND = YES;
				GCC_C_LANGUAGE_STANDARD = gnu11;
				GCC_NO_COMMON_BLOCKS = YES;
				GCC_WARN_64_TO_32_BIT_CONVERSION = YES;
				GCC_WARN_ABOUT_RETURN_TYPE = YES_ERROR;
				GCC_WARN_UNDECLARED_SELECTOR = YES;
				GCC_WARN_UNINITIALIZED_AUTOS = YES_AGGRESSIVE;
				GCC_WARN_UNUSED_FUNCTION = YES;
				GCC_WARN_UNUSED_VARIABLE = YES;
				IPHONEOS_DEPLOYMENT_TARGET = 15.0;
				MTL_ENABLE_DEBUG_INFO = NO;
				MTL_FAST_MATH = YES;
				SDKROOT = iphoneos;
				SWIFT_COMPILATION_MODE = wholemodule;
				SWIFT_OPTIMIZATION_LEVEL = "-O";
				VALIDATE_PRODUCT = YES;
			};
			name = Release;
		};
		2FEC8823279E8ECC00E1C918 /* Debug */ = {
			isa = XCBuildConfiguration;
			buildSettings = {
				ASSETCATALOG_COMPILER_APPICON_NAME = AppIcon;
				ASSETCATALOG_COMPILER_GLOBAL_ACCENT_COLOR_NAME = AccentColor;
				CODE_SIGN_STYLE = Automatic;
				CURRENT_PROJECT_VERSION = 1;
				DEVELOPMENT_ASSET_PATHS = "\"SwiftUIProject/Preview Content\"";
				DEVELOPMENT_TEAM = 2UWMTCMS4H;
				ENABLE_PREVIEWS = YES;
				GENERATE_INFOPLIST_FILE = YES;
				INFOPLIST_KEY_UIApplicationSceneManifest_Generation = YES;
				INFOPLIST_KEY_UIApplicationSupportsIndirectInputEvents = YES;
				INFOPLIST_KEY_UILaunchScreen_Generation = YES;
				INFOPLIST_KEY_UISupportedInterfaceOrientations_iPad = "UIInterfaceOrientationPortrait UIInterfaceOrientationPortraitUpsideDown UIInterfaceOrientationLandscapeLeft UIInterfaceOrientationLandscapeRight";
				INFOPLIST_KEY_UISupportedInterfaceOrientations_iPhone = "UIInterfaceOrientationPortrait UIInterfaceOrientationLandscapeLeft UIInterfaceOrientationLandscapeRight";
				LD_RUNPATH_SEARCH_PATHS = (
					"$(inherited)",
					"@executable_path/Frameworks",
				);
				MARKETING_VERSION = 1.0;
				PRODUCT_BUNDLE_IDENTIFIER = com.tripmate.SwiftUIProject;
				PRODUCT_NAME = "$(TARGET_NAME)";
				SWIFT_EMIT_LOC_STRINGS = YES;
				SWIFT_VERSION = 5.0;
				TARGETED_DEVICE_FAMILY = "1,2";
			};
			name = Debug;
		};
		2FEC8824279E8ECC00E1C918 /* Release */ = {
			isa = XCBuildConfiguration;
			buildSettings = {
				ASSETCATALOG_COMPILER_APPICON_NAME = AppIcon;
				ASSETCATALOG_COMPILER_GLOBAL_ACCENT_COLOR_NAME = AccentColor;
				CODE_SIGN_STYLE = Automatic;
				CURRENT_PROJECT_VERSION = 1;
				DEVELOPMENT_ASSET_PATHS = "\"SwiftUIProject/Preview Content\"";
				DEVELOPMENT_TEAM = 2UWMTCMS4H;
				ENABLE_PREVIEWS = YES;
				GENERATE_INFOPLIST_FILE = YES;
				INFOPLIST_KEY_UIApplicationSceneManifest_Generation = YES;
				INFOPLIST_KEY_UIApplicationSupportsIndirectInputEvents = YES;
				INFOPLIST_KEY_UILaunchScreen_Generation = YES;
				INFOPLIST_KEY_UISupportedInterfaceOrientations_iPad = "UIInterfaceOrientationPortrait UIInterfaceOrientationPortraitUpsideDown UIInterfaceOrientationLandscapeLeft UIInterfaceOrientationLandscapeRight";
				INFOPLIST_KEY_UISupportedInterfaceOrientations_iPhone = "UIInterfaceOrientationPortrait UIInterfaceOrientationLandscapeLeft UIInterfaceOrientationLandscapeRight";
				LD_RUNPATH_SEARCH_PATHS = (
					"$(inherited)",
					"@executable_path/Frameworks",
				);
				MARKETING_VERSION = 1.0;
				PRODUCT_BUNDLE_IDENTIFIER = com.tripmate.SwiftUIProject;
				PRODUCT_NAME = "$(TARGET_NAME)";
				SWIFT_EMIT_LOC_STRINGS = YES;
				SWIFT_VERSION = 5.0;
				TARGETED_DEVICE_FAMILY = "1,2";
			};
			name = Release;
		};
/* End XCBuildConfiguration section */

/* Begin XCConfigurationList section */
		2FEC880F279E8EC900E1C918 /* Build configuration list for PBXProject "SwiftUIProject" */ = {
			isa = XCConfigurationList;
			buildConfigurations = (
				2FEC8820279E8ECC00E1C918 /* Debug */,
				2FEC8821279E8ECC00E1C918 /* Release */,
			);
			defaultConfigurationIsVisible = 0;
			defaultConfigurationName = Release;
		};
		2FEC8822279E8ECC00E1C918 /* Build configuration list for PBXNativeTarget "SwiftUIProject" */ = {
			isa = XCConfigurationList;
			buildConfigurations = (
				2FEC8823279E8ECC00E1C918 /* Debug */,
				2FEC8824279E8ECC00E1C918 /* Release */,
			);
			defaultConfigurationIsVisible = 0;
			defaultConfigurationName = Release;
		};
/* End XCConfigurationList section */
	};
	rootObject = 2FEC880C279E8EC900E1C918 /* Project object */;
}
